# @generated by Move, please check-in and do not edit manually.

[move]
version = 3
manifest_digest = "67C6D2EE490D374556C7CC09080860D47C703E9907059C5DD135C51F95A90943"
deps_digest = "F8BBB0CCB2491CA29A3DF03D6F92277A4F3574266507ACD77214D37ECA3F3082"
dependencies = [
  { id = "Sui", name = "Sui" },
]

[[move.package]]
id = "MoveStdlib"
source = { local = "../../sui/crates/sui-framework/packages/move-stdlib" }

[[move.package]]
id = "Sui"
source = { local = "../../sui/crates/sui-framework/packages/sui-framework" }

dependencies = [
  { id = "MoveStdlib", name = "MoveStdlib" },
]

[move.toolchain-version]
compiler-version = "1.62.0"
edition = "2024.beta"
flavor = "sui"

[env]

[env.nasun-devnet]
chain-id = "33a8f3c5"
original-published-id = "0x50023dcd6281f8e3836dcd05482e3df40d1c7f59fb4f00e9a3ca8b7fcb4debda"
latest-published-id = "0x50023dcd6281f8e3836dcd05482e3df40d1c7f59fb4f00e9a3ca8b7fcb4debda"
published-version = "1"
